
Microsoft Visual Studio Solution File, Format Version 12.00
# Visual Studio 15
VisualStudioVersion = 15.0.26825.4003
MinimumVisualStudioVersion = 10.0.40219.1
Project("{FAE04EC0-301F-11D3-BF4B-00C04F79EFBC}") = "WebApplication1", "WebApplication1\WebApplication1.csproj", "{1185BFB8-A493-43E8-A134-52CFB9C1B405}"
EndProject
Project("{FAE04EC0-301F-11D3-BF4B-00C04F79EFBC}") = "WebApplication2", "WebApplication2\WebApplication2.csproj", "{F4CC8D32-82A2-4362-AE00-703E16370591}"
EndProject
Project("{FAE04EC0-301F-11D3-BF4B-00C04F79EFBC}") = "ClassLibrary1", "ClassLibrary1\ClassLibrary1.csproj", "{879BCF35-BABA-4A84-B549-19CB0789DB25}"
EndProject
Global
	GlobalSection(SolutionConfigurationPlatforms) = preSolution
		Debug|Any CPU = Debug|Any CPU
		Release|Any CPU = Release|Any CPU
	EndGlobalSection
	GlobalSection(ProjectConfigurationPlatforms) = postSolution
		{1185BFB8-A493-43E8-A134-52CFB9C1B405}.Debug|Any CPU.ActiveCfg = Debug|Any CPU
		{1185BFB8-A493-43E8-A134-52CFB9C1B405}.Debug|Any CPU.Build.0 = Debug|Any CPU
		{1185BFB8-A493-43E8-A134-52CFB9C1B405}.Release|Any CPU.ActiveCfg = Release|Any CPU
		{1185BFB8-A493-43E8-A134-52CFB9C1B405}.Release|Any CPU.Build.0 = Release|Any CPU
		{F4CC8D32-82A2-4362-AE00-703E16370591}.Debug|Any CPU.ActiveCfg = Debug|Any CPU
		{F4CC8D32-82A2-4362-AE00-703E16370591}.Debug|Any CPU.Build.0 = Debug|Any CPU
		{F4CC8D32-82A2-4362-AE00-703E16370591}.Release|Any CPU.ActiveCfg = Release|Any CPU
		{F4CC8D32-82A2-4362-AE00-703E16370591}.Release|Any CPU.Build.0 = Release|Any CPU
		{879BCF35-BABA-4A84-B549-19CB0789DB25}.Debug|Any CPU.ActiveCfg = Debug|Any CPU
		{879BCF35-BABA-4A84-B549-19CB0789DB25}.Debug|Any CPU.Build.0 = Debug|Any CPU
		{879BCF35-BABA-4A84-B549-19CB0789DB25}.Release|Any CPU.ActiveCfg = Release|Any CPU
		{879BCF35-BABA-4A84-B549-19CB0789DB25}.Release|Any CPU.Build.0 = Release|Any CPU
	EndGlobalSection
	GlobalSection(SolutionProperties) = preSolution
		HideSolutionNode = FALSE
	EndGlobalSection
	GlobalSection(ExtensibilityGlobals) = postSolution
		SolutionGuid = {B3F9D412-8A4E-4E9B-8A1E-74877D93F65A}
	EndGlobalSection
EndGlobal
